
Microsoft Visual Studio Solution File, Format Version 12.00
# Visual Studio Version 16
VisualStudioVersion = 16.0.30517.126
MinimumVisualStudioVersion = 10.0.40219.1
Project("{888888A0-9F3D-457C-B088-3A5042F75D52}") = "Inari", "Inari\Inari.pyproj", "{156F4688-992A-4F74-971B-02BDC5AC2B31}"
EndProject
Global
	GlobalSection(SolutionConfigurationPlatforms) = preSolution
		Debug|Any CPU = Debug|Any CPU
		Release|Any CPU = Release|Any CPU
	EndGlobalSection
	GlobalSection(ProjectConfigurationPlatforms) = postSolution
		{156F4688-992A-4F74-971B-02BDC5AC2B31}.Debug|Any CPU.ActiveCfg = Debug|Any CPU
		{156F4688-992A-4F74-971B-02BDC5AC2B31}.Release|Any CPU.ActiveCfg = Release|Any CPU
	EndGlobalSection
	GlobalSection(SolutionProperties) = preSolution
		HideSolutionNode = FALSE
	EndGlobalSection
	GlobalSection(ExtensibilityGlobals) = postSolution
		SolutionGuid = {68B77CF4-4676-48C8-9ED2-93ED266E621C}
	EndGlobalSection
EndGlobal
